// !$*UTF8*$!
{
	archiveVersion = 1;
	classes = {
	};
	objectVersion = 50;
	objects = {

/* Begin PBXBuildFile section */
		3C06E25121AFE5D0005C8F87 /* AppDelegate.swift in Sources */ = {isa = PBXBuildFile; fileRef = 3C06E25021AFE5D0005C8F87 /* AppDelegate.swift */; };
		3C06E25321AFE5D0005C8F87 /* ViewController.swift in Sources */ = {isa = PBXBuildFile; fileRef = 3C06E25221AFE5D0005C8F87 /* ViewController.swift */; };
		3C06E25621AFE5D0005C8F87 /* Main.storyboard in Resources */ = {isa = PBXBuildFile; fileRef = 3C06E25421AFE5D0005C8F87 /* Main.storyboard */; };
		3C06E25921AFE5D0005C8F87 /* kotlin_mpp_template.xcdatamodeld in Sources */ = {isa = PBXBuildFile; fileRef = 3C06E25721AFE5D0005C8F87 /* kotlin_mpp_template.xcdatamodeld */; };
		3C06E25B21AFE5D6005C8F87 /* Assets.xcassets in Resources */ = {isa = PBXBuildFile; fileRef = 3C06E25A21AFE5D6005C8F87 /* Assets.xcassets */; };
		3C06E25E21AFE5D6005C8F87 /* LaunchScreen.storyboard in Resources */ = {isa = PBXBuildFile; fileRef = 3C06E25C21AFE5D6005C8F87 /* LaunchScreen.storyboard */; };
		3C06E26921AFE5D6005C8F87 /* kotlin_mpp_templateTests.swift in Sources */ = {isa = PBXBuildFile; fileRef = 3C06E26821AFE5D6005C8F87 /* kotlin_mpp_templateTests.swift */; };
		3C06E27421AFE5D6005C8F87 /* kotlin_mpp_templateUITests.swift in Sources */ = {isa = PBXBuildFile; fileRef = 3C06E27321AFE5D6005C8F87 /* kotlin_mpp_templateUITests.swift */; };
/* End PBXBuildFile section */

/* Begin PBXContainerItemProxy section */
		3C06E26521AFE5D6005C8F87 /* PBXContainerItemProxy */ = {
			isa = PBXContainerItemProxy;
			containerPortal = 3C06E24521AFE5D0005C8F87 /* Project object */;
			proxyType = 1;
			remoteGlobalIDString = 3C06E24C21AFE5D0005C8F87;
			remoteInfo = "kotlin-mpp-template";
		};
		3C06E27021AFE5D6005C8F87 /* PBXContainerItemProxy */ = {
			isa = PBXContainerItemProxy;
			containerPortal = 3C06E24521AFE5D0005C8F87 /* Project object */;
			proxyType = 1;
			remoteGlobalIDString = 3C06E24C21AFE5D0005C8F87;
			remoteInfo = "kotlin-mpp-template";
		};
/* End PBXContainerItemProxy section */

/* Begin PBXFileReference section */
		3C06E24D21AFE5D0005C8F87 /* kotlin-mpp-template.app */ = {isa = PBXFileReference; explicitFileType = wrapper.application; includeInIndex = 0; path = "kotlin-mpp-template.app"; sourceTree = BUILT_PRODUCTS_DIR; };
		3C06E25021AFE5D0005C8F87 /* AppDelegate.swift */ = {isa = PBXFileReference; lastKnownFileType = sourcecode.swift; path = AppDelegate.swift; sourceTree = "<group>"; };
		3C06E25221AFE5D0005C8F87 /* ViewController.swift */ = {isa = PBXFileReference; lastKnownFileType = sourcecode.swift; path = ViewController.swift; sourceTree = "<group>"; };
		3C06E25521AFE5D0005C8F87 /* Base */ = {isa = PBXFileReference; lastKnownFileType = file.storyboard; name = Base; path = Base.lproj/Main.storyboard; sourceTree = "<group>"; };
		3C06E25821AFE5D0005C8F87 /* kotlin_mpp_template.xcdatamodel */ = {isa = PBXFileReference; lastKnownFileType = wrapper.xcdatamodel; path = kotlin_mpp_template.xcdatamodel; sourceTree = "<group>"; };
		3C06E25A21AFE5D6005C8F87 /* Assets.xcassets */ = {isa = PBXFileReference; lastKnownFileType = folder.assetcatalog; path = Assets.xcassets; sourceTree = "<group>"; };
		3C06E25D21AFE5D6005C8F87 /* Base */ = {isa = PBXFileReference; lastKnownFileType = file.storyboard; name = Base; path = Base.lproj/LaunchScreen.storyboard; sourceTree = "<group>"; };
		3C06E25F21AFE5D6005C8F87 /* Info.plist */ = {isa = PBXFileReference; lastKnownFileType = text.plist.xml; path = Info.plist; sourceTree = "<group>"; };
		3C06E26421AFE5D6005C8F87 /* kotlin-mpp-templateTests.xctest */ = {isa = PBXFileReference; explicitFileType = wrapper.cfbundle; includeInIndex = 0; path = "kotlin-mpp-templateTests.xctest"; sourceTree = BUILT_PRODUCTS_DIR; };
		3C06E26821AFE5D6005C8F87 /* kotlin_mpp_templateTests.swift */ = {isa = PBXFileReference; lastKnownFileType = sourcecode.swift; path = kotlin_mpp_templateTests.swift; sourceTree = "<group>"; };
		3C06E26A21AFE5D6005C8F87 /* Info.plist */ = {isa = PBXFileReference; lastKnownFileType = text.plist.xml; path = Info.plist; sourceTree = "<group>"; };
		3C06E26F21AFE5D6005C8F87 /* kotlin-mpp-templateUITests.xctest */ = {isa = PBXFileReference; explicitFileType = wrapper.cfbundle; includeInIndex = 0; path = "kotlin-mpp-templateUITests.xctest"; sourceTree = BUILT_PRODUCTS_DIR; };
		3C06E27321AFE5D6005C8F87 /* kotlin_mpp_templateUITests.swift */ = {isa = PBXFileReference; lastKnownFileType = sourcecode.swift; path = kotlin_mpp_templateUITests.swift; sourceTree = "<group>"; };
		3C06E27521AFE5D6005C8F87 /* Info.plist */ = {isa = PBXFileReference; lastKnownFileType = text.plist.xml; path = Info.plist; sourceTree = "<group>"; };
/* End PBXFileReference section */

/* Begin PBXFrameworksBuildPhase section */
		3C06E24A21AFE5D0005C8F87 /* Frameworks */ = {
			isa = PBXFrameworksBuildPhase;
			buildActionMask = 2147483647;
			files = (
			);
			runOnlyForDeploymentPostprocessing = 0;
		};
		3C06E26121AFE5D6005C8F87 /* Frameworks */ = {
			isa = PBXFrameworksBuildPhase;
			buildActionMask = 2147483647;
			files = (
			);
			runOnlyForDeploymentPostprocessing = 0;
		};
		3C06E26C21AFE5D6005C8F87 /* Frameworks */ = {
			isa = PBXFrameworksBuildPhase;
			buildActionMask = 2147483647;
			files = (
			);
			runOnlyForDeploymentPostprocessing = 0;
		};
/* End PBXFrameworksBuildPhase section */

/* Begin PBXGroup section */
		3C06E24421AFE5D0005C8F87 = {
			isa = PBXGroup;
			children = (
				3C06E24F21AFE5D0005C8F87 /* kotlin-mpp-template */,
				3C06E26721AFE5D6005C8F87 /* kotlin-mpp-templateTests */,
				3C06E27221AFE5D6005C8F87 /* kotlin-mpp-templateUITests */,
				3C06E24E21AFE5D0005C8F87 /* Products */,
			);
			sourceTree = "<group>";
		};
		3C06E24E21AFE5D0005C8F87 /* Products */ = {
			isa = PBXGroup;
			children = (
				3C06E24D21AFE5D0005C8F87 /* kotlin-mpp-template.app */,
				3C06E26421AFE5D6005C8F87 /* kotlin-mpp-templateTests.xctest */,
				3C06E26F21AFE5D6005C8F87 /* kotlin-mpp-templateUITests.xctest */,
			);
			name = Products;
			sourceTree = "<group>";
		};
		3C06E24F21AFE5D0005C8F87 /* kotlin-mpp-template */ = {
			isa = PBXGroup;
			children = (
				3C06E25021AFE5D0005C8F87 /* AppDelegate.swift */,
				3C06E25221AFE5D0005C8F87 /* ViewController.swift */,
				3C06E25421AFE5D0005C8F87 /* Main.storyboard */,
				3C06E25A21AFE5D6005C8F87 /* Assets.xcassets */,
				3C06E25C21AFE5D6005C8F87 /* LaunchScreen.storyboard */,
				3C06E25F21AFE5D6005C8F87 /* Info.plist */,
				3C06E25721AFE5D0005C8F87 /* kotlin_mpp_template.xcdatamodeld */,
			);
			path = "kotlin-mpp-template";
			sourceTree = "<group>";
		};
		3C06E26721AFE5D6005C8F87 /* kotlin-mpp-templateTests */ = {
			isa = PBXGroup;
			children = (
				3C06E26821AFE5D6005C8F87 /* kotlin_mpp_templateTests.swift */,
				3C06E26A21AFE5D6005C8F87 /* Info.plist */,
			);
			path = "kotlin-mpp-templateTests";
			sourceTree = "<group>";
		};
		3C06E27221AFE5D6005C8F87 /* kotlin-mpp-templateUITests */ = {
			isa = PBXGroup;
			children = (
				3C06E27321AFE5D6005C8F87 /* kotlin_mpp_templateUITests.swift */,
				3C06E27521AFE5D6005C8F87 /* Info.plist */,
			);
			path = "kotlin-mpp-templateUITests";
			sourceTree = "<group>";
		};
/* End PBXGroup section */

/* Begin PBXNativeTarget section */
		3C06E24C21AFE5D0005C8F87 /* kotlin-mpp-template */ = {
			isa = PBXNativeTarget;
			buildConfigurationList = 3C06E27821AFE5D6005C8F87 /* Build configuration list for PBXNativeTarget "kotlin-mpp-template" */;
			buildPhases = (
				3C06E24921AFE5D0005C8F87 /* Sources */,
				3C06E24A21AFE5D0005C8F87 /* Frameworks */,
				3C06E24B21AFE5D0005C8F87 /* Resources */,
			);
			buildRules = (
			);
			dependencies = (
			);
			name = "kotlin-mpp-template";
			productName = "kotlin-mpp-template";
			productReference = 3C06E24D21AFE5D0005C8F87 /* kotlin-mpp-template.app */;
			productType = "com.apple.product-type.application";
		};
		3C06E26321AFE5D6005C8F87 /* kotlin-mpp-templateTests */ = {
			isa = PBXNativeTarget;
			buildConfigurationList = 3C06E27B21AFE5D6005C8F87 /* Build configuration list for PBXNativeTarget "kotlin-mpp-templateTests" */;
			buildPhases = (
				3C06E26021AFE5D6005C8F87 /* Sources */,
				3C06E26121AFE5D6005C8F87 /* Frameworks */,
				3C06E26221AFE5D6005C8F87 /* Resources */,
			);
			buildRules = (
			);
			dependencies = (
				3C06E26621AFE5D6005C8F87 /* PBXTargetDependency */,
			);
			name = "kotlin-mpp-templateTests";
			productName = "kotlin-mpp-templateTests";
			productReference = 3C06E26421AFE5D6005C8F87 /* kotlin-mpp-templateTests.xctest */;
			productType = "com.apple.product-type.bundle.unit-test";
		};
		3C06E26E21AFE5D6005C8F87 /* kotlin-mpp-templateUITests */ = {
			isa = PBXNativeTarget;
			buildConfigurationList = 3C06E27E21AFE5D6005C8F87 /* Build configuration list for PBXNativeTarget "kotlin-mpp-templateUITests" */;
			buildPhases = (
				3C06E26B21AFE5D6005C8F87 /* Sources */,
				3C06E26C21AFE5D6005C8F87 /* Frameworks */,
				3C06E26D21AFE5D6005C8F87 /* Resources */,
			);
			buildRules = (
			);
			dependencies = (
				3C06E27121AFE5D6005C8F87 /* PBXTargetDependency */,
			);
			name = "kotlin-mpp-templateUITests";
			productName = "kotlin-mpp-templateUITests";
			productReference = 3C06E26F21AFE5D6005C8F87 /* kotlin-mpp-templateUITests.xctest */;
			productType = "com.apple.product-type.bundle.ui-testing";
		};
/* End PBXNativeTarget section */

/* Begin PBXProject section */
		3C06E24521AFE5D0005C8F87 /* Project object */ = {
			isa = PBXProject;
			attributes = {
				LastSwiftUpdateCheck = 1010;
				LastUpgradeCheck = 1010;
				ORGANIZATIONNAME = akosuge;
				TargetAttributes = {
					3C06E24C21AFE5D0005C8F87 = {
						CreatedOnToolsVersion = 10.1;
					};
					3C06E26321AFE5D6005C8F87 = {
						CreatedOnToolsVersion = 10.1;
						TestTargetID = 3C06E24C21AFE5D0005C8F87;
					};
					3C06E26E21AFE5D6005C8F87 = {
						CreatedOnToolsVersion = 10.1;
						TestTargetID = 3C06E24C21AFE5D0005C8F87;
					};
				};
			};
			buildConfigurationList = 3C06E24821AFE5D0005C8F87 /* Build configuration list for PBXProject "kotlin-mpp-template" */;
			compatibilityVersion = "Xcode 9.3";
			developmentRegion = en;
			hasScannedForEncodings = 0;
			knownRegions = (
				en,
				Base,
			);
			mainGroup = 3C06E24421AFE5D0005C8F87;
			productRefGroup = 3C06E24E21AFE5D0005C8F87 /* Products */;
			projectDirPath = "";
			projectRoot = "";
			targets = (
				3C06E24C21AFE5D0005C8F87 /* kotlin-mpp-template */,
				3C06E26321AFE5D6005C8F87 /* kotlin-mpp-templateTests */,
				3C06E26E21AFE5D6005C8F87 /* kotlin-mpp-templateUITests */,
			);
		};
/* End PBXProject section */

/* Begin PBXResourcesBuildPhase section */
		3C06E24B21AFE5D0005C8F87 /* Resources */ = {
			isa = PBXResourcesBuildPhase;
			buildActionMask = 2147483647;
			files = (
				3C06E25E21AFE5D6005C8F87 /* LaunchScreen.storyboard in Resources */,
				3C06E25B21AFE5D6005C8F87 /* Assets.xcassets in Resources */,
				3C06E25621AFE5D0005C8F87 /* Main.storyboard in Resources */,
			);
			runOnlyForDeploymentPostprocessing = 0;
		};
		3C06E26221AFE5D6005C8F87 /* Resources */ = {
			isa = PBXResourcesBuildPhase;
			buildActionMask = 2147483647;
			files = (
			);
			runOnlyForDeploymentPostprocessing = 0;
		};
		3C06E26D21AFE5D6005C8F87 /* Resources */ = {
			isa = PBXResourcesBuildPhase;
			buildActionMask = 2147483647;
			files = (
			);
			runOnlyForDeploymentPostprocessing = 0;
		};
/* End PBXResourcesBuildPhase section */

/* Begin PBXSourcesBuildPhase section */
		3C06E24921AFE5D0005C8F87 /* Sources */ = {
			isa = PBXSourcesBuildPhase;
			buildActionMask = 2147483647;
			files = (
				3C06E25321AFE5D0005C8F87 /* ViewController.swift in Sources */,
				3C06E25921AFE5D0005C8F87 /* kotlin_mpp_template.xcdatamodeld in Sources */,
				3C06E25121AFE5D0005C8F87 /* AppDelegate.swift in Sources */,
			);
			runOnlyForDeploymentPostprocessing = 0;
		};
		3C06E26021AFE5D6005C8F87 /* Sources */ = {
			isa = PBXSourcesBuildPhase;
			buildActionMask = 2147483647;
			files = (
				3C06E26921AFE5D6005C8F87 /* kotlin_mpp_templateTests.swift in Sources */,
			);
			runOnlyForDeploymentPostprocessing = 0;
		};
		3C06E26B21AFE5D6005C8F87 /* Sources */ = {
			isa = PBXSourcesBuildPhase;
			buildActionMask = 2147483647;
			files = (
				3C06E27421AFE5D6005C8F87 /* kotlin_mpp_templateUITests.swift in Sources */,
			);
			runOnlyForDeploymentPostprocessing = 0;
		};
/* End PBXSourcesBuildPhase section */

/* Begin PBXTargetDependency section */
		3C06E26621AFE5D6005C8F87 /* PBXTargetDependency */ = {
			isa = PBXTargetDependency;
			target = 3C06E24C21AFE5D0005C8F87 /* kotlin-mpp-template */;
			targetProxy = 3C06E26521AFE5D6005C8F87 /* PBXContainerItemProxy */;
		};
		3C06E27121AFE5D6005C8F87 /* PBXTargetDependency */ = {
			isa = PBXTargetDependency;
			target = 3C06E24C21AFE5D0005C8F87 /* kotlin-mpp-template */;
			targetProxy = 3C06E27021AFE5D6005C8F87 /* PBXContainerItemProxy */;
		};
/* End PBXTargetDependency section */

/* Begin PBXVariantGroup section */
		3C06E25421AFE5D0005C8F87 /* Main.storyboard */ = {
			isa = PBXVariantGroup;
			children = (
				3C06E25521AFE5D0005C8F87 /* Base */,
			);
			name = Main.storyboard;
			sourceTree = "<group>";
		};
		3C06E25C21AFE5D6005C8F87 /* LaunchScreen.storyboard */ = {
			isa = PBXVariantGroup;
			children = (
				3C06E25D21AFE5D6005C8F87 /* Base */,
			);
			name = LaunchScreen.storyboard;
			sourceTree = "<group>";
		};
/* End PBXVariantGroup section */

/* Begin XCBuildConfiguration section */
		3C06E27621AFE5D6005C8F87 /* Debug */ = {
			isa = XCBuildConfiguration;
			buildSettings = {
				ALWAYS_SEARCH_USER_PATHS = NO;
				CLANG_ANALYZER_NONNULL = YES;
				CLANG_ANALYZER_NUMBER_OBJECT_CONVERSION = YES_AGGRESSIVE;
				CLANG_CXX_LANGUAGE_STANDARD = "gnu++14";
				CLANG_CXX_LIBRARY = "libc++";
				CLANG_ENABLE_MODULES = YES;
				CLANG_ENABLE_OBJC_ARC = YES;
				CLANG_ENABLE_OBJC_WEAK = YES;
				CLANG_WARN_BLOCK_CAPTURE_AUTORELEASING = YES;
				CLANG_WARN_BOOL_CONVERSION = YES;
				CLANG_WARN_COMMA = YES;
				CLANG_WARN_CONSTANT_CONVERSION = YES;
				CLANG_WARN_DEPRECATED_OBJC_IMPLEMENTATIONS = YES;
				CLANG_WARN_DIRECT_OBJC_ISA_USAGE = YES_ERROR;
				CLANG_WARN_DOCUMENTATION_COMMENTS = YES;
				CLANG_WARN_EMPTY_BODY = YES;
				CLANG_WARN_ENUM_CONVERSION = YES;
				CLANG_WARN_INFINITE_RECURSION = YES;
				CLANG_WARN_INT_CONVERSION = YES;
				CLANG_WARN_NON_LITERAL_NULL_CONVERSION = YES;
				CLANG_WARN_OBJC_IMPLICIT_RETAIN_SELF = YES;
				CLANG_WARN_OBJC_LITERAL_CONVERSION = YES;
				CLANG_WARN_OBJC_ROOT_CLASS = YES_ERROR;
				CLANG_WARN_RANGE_LOOP_ANALYSIS = YES;
				CLANG_WARN_STRICT_PROTOTYPES = YES;
				CLANG_WARN_SUSPICIOUS_MOVE = YES;
				CLANG_WARN_UNGUARDED_AVAILABILITY = YES_AGGRESSIVE;
				CLANG_WARN_UNREACHABLE_CODE = YES;
				CLANG_WARN__DUPLICATE_METHOD_MATCH = YES;
				CODE_SIGN_IDENTITY = "iPhone Developer";
				COPY_PHASE_STRIP = NO;
				DEBUG_INFORMATION_FORMAT = dwarf;
				ENABLE_STRICT_OBJC_MSGSEND = YES;
				ENABLE_TESTABILITY = YES;
				GCC_C_LANGUAGE_STANDARD = gnu11;
				GCC_DYNAMIC_NO_PIC = NO;
				GCC_NO_COMMON_BLOCKS = YES;
				GCC_OPTIMIZATION_LEVEL = 0;
				GCC_PREPROCESSOR_DEFINITIONS = (
					"DEBUG=1",
					"$(inherited)",
				);
				GCC_WARN_64_TO_32_BIT_CONVERSION = YES;
				GCC_WARN_ABOUT_RETURN_TYPE = YES_ERROR;
				GCC_WARN_UNDECLARED_SELECTOR = YES;
				GCC_WARN_UNINITIALIZED_AUTOS = YES_AGGRESSIVE;
				GCC_WARN_UNUSED_FUNCTION = YES;
				GCC_WARN_UNUSED_VARIABLE = YES;
				IPHONEOS_DEPLOYMENT_TARGET = 12.1;
				MTL_ENABLE_DEBUG_INFO = INCLUDE_SOURCE;
				MTL_FAST_MATH = YES;
				ONLY_ACTIVE_ARCH = YES;
				SDKROOT = iphoneos;
				SWIFT_ACTIVE_COMPILATION_CONDITIONS = DEBUG;
				SWIFT_OPTIMIZATION_LEVEL = "-Onone";
			};
			name = Debug;
		};
		3C06E27721AFE5D6005C8F87 /* Release */ = {
			isa = XCBuildConfiguration;
			buildSettings = {
				ALWAYS_SEARCH_USER_PATHS = NO;
				CLANG_ANALYZER_NONNULL = YES;
				CLANG_ANALYZER_NUMBER_OBJECT_CONVERSION = YES_AGGRESSIVE;
				CLANG_CXX_LANGUAGE_STANDARD = "gnu++14";
				CLANG_CXX_LIBRARY = "libc++";
				CLANG_ENABLE_MODULES = YES;
				CLANG_ENABLE_OBJC_ARC = YES;
				CLANG_ENABLE_OBJC_WEAK = YES;
				CLANG_WARN_BLOCK_CAPTURE_AUTORELEASING = YES;
				CLANG_WARN_BOOL_CONVERSION = YES;
				CLANG_WARN_COMMA = YES;
				CLANG_WARN_CONSTANT_CONVERSION = YES;
				CLANG_WARN_DEPRECATED_OBJC_IMPLEMENTATIONS = YES;
				CLANG_WARN_DIRECT_OBJC_ISA_USAGE = YES_ERROR;
				CLANG_WARN_DOCUMENTATION_COMMENTS = YES;
				CLANG_WARN_EMPTY_BODY = YES;
				CLANG_WARN_ENUM_CONVERSION = YES;
				CLANG_WARN_INFINITE_RECURSION = YES;
				CLANG_WARN_INT_CONVERSION = YES;
				CLANG_WARN_NON_LITERAL_NULL_CONVERSION = YES;
				CLANG_WARN_OBJC_IMPLICIT_RETAIN_SELF = YES;
				CLANG_WARN_OBJC_LITERAL_CONVERSION = YES;
				CLANG_WARN_OBJC_ROOT_CLASS = YES_ERROR;
				CLANG_WARN_RANGE_LOOP_ANALYSIS = YES;
				CLANG_WARN_STRICT_PROTOTYPES = YES;
				CLANG_WARN_SUSPICIOUS_MOVE = YES;
				CLANG_WARN_UNGUARDED_AVAILABILITY = YES_AGGRESSIVE;
				CLANG_WARN_UNREACHABLE_CODE = YES;
				CLANG_WARN__DUPLICATE_METHOD_MATCH = YES;
				CODE_SIGN_IDENTITY = "iPhone Developer";
				COPY_PHASE_STRIP = NO;
				DEBUG_INFORMATION_FORMAT = "dwarf-with-dsym";
				ENABLE_NS_ASSERTIONS = NO;
				ENABLE_STRICT_OBJC_MSGSEND = YES;
				GCC_C_LANGUAGE_STANDARD = gnu11;
				GCC_NO_COMMON_BLOCKS = YES;
				GCC_WARN_64_TO_32_BIT_CONVERSION = YES;
				GCC_WARN_ABOUT_RETURN_TYPE = YES_ERROR;
				GCC_WARN_UNDECLARED_SELECTOR = YES;
				GCC_WARN_UNINITIALIZED_AUTOS = YES_AGGRESSIVE;
				GCC_WARN_UNUSED_FUNCTION = YES;
				GCC_WARN_UNUSED_VARIABLE = YES;
				IPHONEOS_DEPLOYMENT_TARGET = 12.1;
				MTL_ENABLE_DEBUG_INFO = NO;
				MTL_FAST_MATH = YES;
				SDKROOT = iphoneos;
				SWIFT_COMPILATION_MODE = wholemodule;
				SWIFT_OPTIMIZATION_LEVEL = "-O";
				VALIDATE_PRODUCT = YES;
			};
			name = Release;
		};
		3C06E27921AFE5D6005C8F87 /* Debug */ = {
			isa = XCBuildConfiguration;
			buildSettings = {
				ASSETCATALOG_COMPILER_APPICON_NAME = AppIcon;
				CODE_SIGN_STYLE = Automatic;
				DEVELOPMENT_TEAM = 78M3SUVAMY;
				INFOPLIST_FILE = "kotlin-mpp-template/Info.plist";
				LD_RUNPATH_SEARCH_PATHS = (
					"$(inherited)",
					"@executable_path/Frameworks",
				);
				PRODUCT_BUNDLE_IDENTIFIER = "jp.co.nssol.sysrdc.kotlin.mpp.template.kotlin-mpp-template";
				PRODUCT_NAME = "$(TARGET_NAME)";
				SWIFT_VERSION = 4.2;
				TARGETED_DEVICE_FAMILY = "1,2";
			};
			name = Debug;
		};
		3C06E27A21AFE5D6005C8F87 /* Release */ = {
			isa = XCBuildConfiguration;
			buildSettings = {
				ASSETCATALOG_COMPILER_APPICON_NAME = AppIcon;
				CODE_SIGN_STYLE = Automatic;
				DEVELOPMENT_TEAM = 78M3SUVAMY;
				INFOPLIST_FILE = "kotlin-mpp-template/Info.plist";
				LD_RUNPATH_SEARCH_PATHS = (
					"$(inherited)",
					"@executable_path/Frameworks",
				);
				PRODUCT_BUNDLE_IDENTIFIER = "jp.co.nssol.sysrdc.kotlin.mpp.template.kotlin-mpp-template";
				PRODUCT_NAME = "$(TARGET_NAME)";
				SWIFT_VERSION = 4.2;
				TARGETED_DEVICE_FAMILY = "1,2";
			};
			name = Release;
		};
		3C06E27C21AFE5D6005C8F87 /* Debug */ = {
			isa = XCBuildConfiguration;
			buildSettings = {
				ALWAYS_EMBED_SWIFT_STANDARD_LIBRARIES = YES;
				BUNDLE_LOADER = "$(TEST_HOST)";
				CODE_SIGN_STYLE = Automatic;
				DEVELOPMENT_TEAM = XBR4M95MY9;
				INFOPLIST_FILE = "kotlin-mpp-templateTests/Info.plist";
				LD_RUNPATH_SEARCH_PATHS = (
					"$(inherited)",
					"@executable_path/Frameworks",
					"@loader_path/Frameworks",
				);
				PRODUCT_BUNDLE_IDENTIFIER = "jp.co.nssol.sysrdc.kotlin.mpp.template.kotlin-mpp-templateTests";
				PRODUCT_NAME = "$(TARGET_NAME)";
				SWIFT_VERSION = 4.2;
				TARGETED_DEVICE_FAMILY = "1,2";
				TEST_HOST = "$(BUILT_PRODUCTS_DIR)/kotlin-mpp-template.app/kotlin-mpp-template";
			};
			name = Debug;
		};
		3C06E27D21AFE5D6005C8F87 /* Release */ = {
			isa = XCBuildConfiguration;
			buildSettings = {
				ALWAYS_EMBED_SWIFT_STANDARD_LIBRARIES = YES;
				BUNDLE_LOADER = "$(TEST_HOST)";
				CODE_SIGN_STYLE = Automatic;
				DEVELOPMENT_TEAM = XBR4M95MY9;
				INFOPLIST_FILE = "kotlin-mpp-templateTests/Info.plist";
				LD_RUNPATH_SEARCH_PATHS = (
					"$(inherited)",
					"@executable_path/Frameworks",
					"@loader_path/Frameworks",
				);
				PRODUCT_BUNDLE_IDENTIFIER = "jp.co.nssol.sysrdc.kotlin.mpp.template.kotlin-mpp-templateTests";
				PRODUCT_NAME = "$(TARGET_NAME)";
				SWIFT_VERSION = 4.2;
				TARGETED_DEVICE_FAMILY = "1,2";
				TEST_HOST = "$(BUILT_PRODUCTS_DIR)/kotlin-mpp-template.app/kotlin-mpp-template";
			};
			name = Release;
		};
		3C06E27F21AFE5D6005C8F87 /* Debug */ = {
			isa = XCBuildConfiguration;
			buildSettings = {
				ALWAYS_EMBED_SWIFT_STANDARD_LIBRARIES = YES;
				CODE_SIGN_STYLE = Automatic;
				DEVELOPMENT_TEAM = XBR4M95MY9;
				INFOPLIST_FILE = "kotlin-mpp-templateUITests/Info.plist";
				LD_RUNPATH_SEARCH_PATHS = (
					"$(inherited)",
					"@executable_path/Frameworks",
					"@loader_path/Frameworks",
				);
				PRODUCT_BUNDLE_IDENTIFIER = "jp.co.nssol.sysrdc.kotlin.mpp.template.kotlin-mpp-templateUITests";
				PRODUCT_NAME = "$(TARGET_NAME)";
				SWIFT_VERSION = 4.2;
				TARGETED_DEVICE_FAMILY = "1,2";
				TEST_TARGET_NAME = "kotlin-mpp-template";
			};
			name = Debug;
		};
		3C06E28021AFE5D6005C8F87 /* Release */ = {
			isa = XCBuildConfiguration;
			buildSettings = {
				ALWAYS_EMBED_SWIFT_STANDARD_LIBRARIES = YES;
				CODE_SIGN_STYLE = Automatic;
				DEVELOPMENT_TEAM = XBR4M95MY9;
				INFOPLIST_FILE = "kotlin-mpp-templateUITests/Info.plist";
				LD_RUNPATH_SEARCH_PATHS = (
					"$(inherited)",
					"@executable_path/Frameworks",
					"@loader_path/Frameworks",
				);
				PRODUCT_BUNDLE_IDENTIFIER = "jp.co.nssol.sysrdc.kotlin.mpp.template.kotlin-mpp-templateUITests";
				PRODUCT_NAME = "$(TARGET_NAME)";
				SWIFT_VERSION = 4.2;
				TARGETED_DEVICE_FAMILY = "1,2";
				TEST_TARGET_NAME = "kotlin-mpp-template";
			};
			name = Release;
		};
/* End XCBuildConfiguration section */

/* Begin XCConfigurationList section */
		3C06E24821AFE5D0005C8F87 /* Build configuration list for PBXProject "kotlin-mpp-template" */ = {
			isa = XCConfigurationList;
			buildConfigurations = (
				3C06E27621AFE5D6005C8F87 /* Debug */,
				3C06E27721AFE5D6005C8F87 /* Release */,
			);
			defaultConfigurationIsVisible = 0;
			defaultConfigurationName = Release;
		};
		3C06E27821AFE5D6005C8F87 /* Build configuration list for PBXNativeTarget "kotlin-mpp-template" */ = {
			isa = XCConfigurationList;
			buildConfigurations = (
				3C06E27921AFE5D6005C8F87 /* Debug */,
				3C06E27A21AFE5D6005C8F87 /* Release */,
			);
			defaultConfigurationIsVisible = 0;
			defaultConfigurationName = Release;
		};
		3C06E27B21AFE5D6005C8F87 /* Build configuration list for PBXNativeTarget "kotlin-mpp-templateTests" */ = {
			isa = XCConfigurationList;
			buildConfigurations = (
				3C06E27C21AFE5D6005C8F87 /* Debug */,
				3C06E27D21AFE5D6005C8F87 /* Release */,
			);
			defaultConfigurationIsVisible = 0;
			defaultConfigurationName = Release;
		};
		3C06E27E21AFE5D6005C8F87 /* Build configuration list for PBXNativeTarget "kotlin-mpp-templateUITests" */ = {
			isa = XCConfigurationList;
			buildConfigurations = (
				3C06E27F21AFE5D6005C8F87 /* Debug */,
				3C06E28021AFE5D6005C8F87 /* Release */,
			);
			defaultConfigurationIsVisible = 0;
			defaultConfigurationName = Release;
		};
/* End XCConfigurationList section */

/* Begin XCVersionGroup section */
		3C06E25721AFE5D0005C8F87 /* kotlin_mpp_template.xcdatamodeld */ = {
			isa = XCVersionGroup;
			children = (
				3C06E25821AFE5D0005C8F87 /* kotlin_mpp_template.xcdatamodel */,
			);
			currentVersion = 3C06E25821AFE5D0005C8F87 /* kotlin_mpp_template.xcdatamodel */;
			path = kotlin_mpp_template.xcdatamodeld;
			sourceTree = "<group>";
			versionGroupType = wrapper.xcdatamodel;
		};
/* End XCVersionGroup section */
	};
	rootObject = 3C06E24521AFE5D0005C8F87 /* Project object */;
}
